<?xml version="1.0" encoding="utf-8"?>
<Project ToolsVersion="4.0" xmlns="http://schemas.microsoft.com/developer/msbuild/2003">
  <ItemGroup>
    <Filter Include="Resource Files">
      <UniqueIdentifier>{67DA6AB6-F800-4c08-8B7A-83BB121AAD01}</UniqueIdentifier>
      <Extensions>rc;ico;cur;bmp;dlg;rc2;rct;bin;rgs;gif;jpg;jpeg;jpe;resx;tiff;tif;png;wav;mfcribbon-ms</Extensions>
    </Filter>
    <Filter Include="Rendering">
      <UniqueIdentifier>{b071f224-8127-4f2b-ad07-ba99f423b248}</UniqueIdentifier>
    </Filter>
    <Filter Include="Utilities">
      <UniqueIdentifier>{a9177ffc-d210-4dfa-ad48-06869b99c101}</UniqueIdentifier>
    </Filter>
    <Filter Include="Rendering\Camera">
      <UniqueIdentifier>{a06e786d-0f44-4a23-98c6-287d7cb9d9ec}</UniqueIdentifier>
    </Filter>
    <Filter Include="Rendering\Renderables">
      <UniqueIdentifier>{182b2644-0566-49c3-9bff-aa8b504cfc4c}</UniqueIdentifier>
    </Filter>
    <Filter Include="Rendering\Shaders">
      <UniqueIdentifier>{9c33ed0e-fa21-4b3f-b34f-97ca2c3abd98}</UniqueIdentifier>
    </Filter>
    <Filter Include="Rendering\Model Loading">
      <UniqueIdentifier>{762d090b-85fe-403a-8bc7-9c8be49c0692}</UniqueIdentifier>
    </Filter>
    <Filter Include="Rendering\RT3D Library">
      <UniqueIdentifier>{ccf5276a-422e-41f2-9bde-fe46f79f9c6d}</UniqueIdentifier>
    </Filter>
    <Filter Include="Utilities\Clock">
      <UniqueIdentifier>{a624b6f9-deb7-43c2-a7fc-e98a40136b9a}</UniqueIdentifier>
    </Filter>
    <Filter Include="Utilities\Resource Management">
      <UniqueIdentifier>{a6ed9cc7-67b1-4ea7-acfc-a7169c26b5b9}</UniqueIdentifier>
    </Filter>
    <Filter Include="Core Engine">
      <UniqueIdentifier>{6640ad8d-c4d7-4b28-a3a6-d7d721de4451}</UniqueIdentifier>
    </Filter>
  </ItemGroup>
  <ItemGroup>
    <ClCompile Include="main.cpp" />
    <ClCompile Include="Box.cpp">
      <Filter>Rendering\Renderables</Filter>
    </ClCompile>
    <ClCompile Include="Actor.cpp">
      <Filter>Rendering\Renderables</Filter>
    </ClCompile>
    <ClCompile Include="skybox.cpp">
      <Filter>Rendering\Renderables</Filter>
    </ClCompile>
    <ClCompile Include="md2model.cpp">
      <Filter>Rendering\Model Loading</Filter>
    </ClCompile>
    <ClCompile Include="shader.cpp">
      <Filter>Rendering\Shaders</Filter>
    </ClCompile>
    <ClCompile Include="rt3d.cpp">
      <Filter>Rendering\RT3D Library</Filter>
    </ClCompile>
    <ClCompile Include="clock.cpp">
      <Filter>Utilities\Clock</Filter>
    </ClCompile>
    <ClCompile Include="ResourceManager.cpp">
      <Filter>Utilities\Resource Management</Filter>
    </ClCompile>
  </ItemGroup>
  <ItemGroup>
    <None Include="mvp.vert">
      <Filter>Resource Files</Filter>
    </None>
    <None Include="phong.frag">
      <Filter>Resource Files</Filter>
    </None>
    <None Include="phong.vert">
      <Filter>Resource Files</Filter>
    </None>
    <None Include="phong-tex.frag">
      <Filter>Resource Files</Filter>
    </None>
    <None Include="phong-tex.vert">
      <Filter>Resource Files</Filter>
    </None>
    <None Include="simple.frag">
      <Filter>Resource Files</Filter>
    </None>
    <None Include="gouraud.vert">
      <Filter>Resource Files</Filter>
    </None>
    <None Include="minimal.frag">
      <Filter>Resource Files</Filter>
    </None>
    <None Include="minimal.vert">
      <Filter>Resource Files</Filter>
    </None>
  </ItemGroup>
  <ItemGroup>
    <ClInclude Include="md2model.h">
      <Filter>Rendering\Model Loading</Filter>
    </ClInclude>
    <ClInclude Include="camera.h">
      <Filter>Rendering\Camera</Filter>
    </ClInclude>
    <ClInclude Include="Actor.h">
      <Filter>Rendering\Renderables</Filter>
    </ClInclude>
    <ClInclude Include="Box.h">
      <Filter>Rendering\Renderables</Filter>
    </ClInclude>
    <ClInclude Include="skybox.h">
      <Filter>Rendering\Renderables</Filter>
    </ClInclude>
    <ClInclude Include="anorms.h">
      <Filter>Rendering\Model Loading</Filter>
    </ClInclude>
    <ClInclude Include="shader.h">
      <Filter>Rendering\Shaders</Filter>
    </ClInclude>
    <ClInclude Include="rt3d.h">
      <Filter>Rendering\RT3D Library</Filter>
    </ClInclude>
    <ClInclude Include="clock.h">
      <Filter>Utilities\Clock</Filter>
    </ClInclude>
    <ClInclude Include="ResourceManager.h">
      <Filter>Utilities\Resource Management</Filter>
    </ClInclude>
  </ItemGroup>
</Project>